// !$*UTF8*$!
{
	archiveVersion = 1;
	classes = {
	};
	objectVersion = 46;
	objects = {

/* Begin PBXAggregateTarget section */
		6AC514D713ED73A90059E6E6 /* Documentation */ = {
			isa = PBXAggregateTarget;
			buildConfigurationList = 6AC514D813ED73A90059E6E6 /* Build configuration list for PBXAggregateTarget "Documentation" */;
			buildPhases = (
				6AC514DB13ED73BB0059E6E6 /* Build Documentation */,
			);
			dependencies = (
			);
			name = Documentation;
			productName = Documentation;
		};
/* End PBXAggregateTarget section */

/* Begin PBXBuildFile section */
		6A11A7AE13EDFF45001B0548 /* ILBitlyErrors.strings in Resources */ = {isa = PBXBuildFile; fileRef = 6A11A7B013EDFF45001B0548 /* ILBitlyErrors.strings */; };
		6A147C1813E9FF91000750C2 /* UIKit.framework in Frameworks */ = {isa = PBXBuildFile; fileRef = 6A147C1713E9FF91000750C2 /* UIKit.framework */; };
		6A147C1A13E9FF91000750C2 /* Foundation.framework in Frameworks */ = {isa = PBXBuildFile; fileRef = 6A147C1913E9FF91000750C2 /* Foundation.framework */; };
		6A147C1C13E9FF91000750C2 /* CoreGraphics.framework in Frameworks */ = {isa = PBXBuildFile; fileRef = 6A147C1B13E9FF91000750C2 /* CoreGraphics.framework */; };
		6A147C2213E9FF91000750C2 /* InfoPlist.strings in Resources */ = {isa = PBXBuildFile; fileRef = 6A147C2013E9FF91000750C2 /* InfoPlist.strings */; };
		6A147C2413E9FF91000750C2 /* main.m in Sources */ = {isa = PBXBuildFile; fileRef = 6A147C2313E9FF91000750C2 /* main.m */; };
		6A147C2813E9FF91000750C2 /* ILBitlySampleAppDelegate.m in Sources */ = {isa = PBXBuildFile; fileRef = 6A147C2713E9FF91000750C2 /* ILBitlySampleAppDelegate.m */; };
		6A147C2B13E9FF91000750C2 /* MainWindow.xib in Resources */ = {isa = PBXBuildFile; fileRef = 6A147C2913E9FF91000750C2 /* MainWindow.xib */; };
		6A147C2E13E9FF91000750C2 /* ShortenViewController.m in Sources */ = {isa = PBXBuildFile; fileRef = 6A147C2D13E9FF91000750C2 /* ShortenViewController.m */; };
		6A147C3113E9FF91000750C2 /* SettingsViewController.m in Sources */ = {isa = PBXBuildFile; fileRef = 6A147C3013E9FF91000750C2 /* SettingsViewController.m */; };
		6A147C3413E9FF91000750C2 /* ShortenView.xib in Resources */ = {isa = PBXBuildFile; fileRef = 6A147C3213E9FF91000750C2 /* ShortenView.xib */; };
		6A147C3713E9FF91000750C2 /* SettingsView.xib in Resources */ = {isa = PBXBuildFile; fileRef = 6A147C3513E9FF91000750C2 /* SettingsView.xib */; };
		6AB6F62F141946C80044C906 /* SenTestingKit.framework in Frameworks */ = {isa = PBXBuildFile; fileRef = 6A147C3E13E9FF91000750C2 /* SenTestingKit.framework */; };
		6AB6F630141946C80044C906 /* UIKit.framework in Frameworks */ = {isa = PBXBuildFile; fileRef = 6A147C1713E9FF91000750C2 /* UIKit.framework */; };
		6AB6F631141946C80044C906 /* Foundation.framework in Frameworks */ = {isa = PBXBuildFile; fileRef = 6A147C1913E9FF91000750C2 /* Foundation.framework */; };
		6AB6F632141946C80044C906 /* CoreGraphics.framework in Frameworks */ = {isa = PBXBuildFile; fileRef = 6A147C1B13E9FF91000750C2 /* CoreGraphics.framework */; };
		6AB6F638141946C80044C906 /* InfoPlist.strings in Resources */ = {isa = PBXBuildFile; fileRef = 6AB6F636141946C80044C906 /* InfoPlist.strings */; };
		6AB6F643141947690044C906 /* ILBitlyTest.m in Sources */ = {isa = PBXBuildFile; fileRef = 6AB6F642141947690044C906 /* ILBitlyTest.m */; };
		6AC514EA13EDF1DE0059E6E6 /* ExpandViewController.m in Sources */ = {isa = PBXBuildFile; fileRef = 6AC514E813EDF1DD0059E6E6 /* ExpandViewController.m */; };
		6AC514EC13EDF20A0059E6E6 /* ExpandView.xib in Resources */ = {isa = PBXBuildFile; fileRef = 6AC514EE13EDF20A0059E6E6 /* ExpandView.xib */; };
		6AFE12EA14195EF900633AF2 /* JSONKit.m in Sources */ = {isa = PBXBuildFile; fileRef = 6AFEEB8213EB5AD80030660F /* JSONKit.m */; };
		6AFE12EB1419649A00633AF2 /* AFHTTPRequestOperation.m in Sources */ = {isa = PBXBuildFile; fileRef = 6AFEEB2B13EB5AD80030660F /* AFHTTPRequestOperation.m */; };
		6AFE12EC1419649D00633AF2 /* AFImageCache.m in Sources */ = {isa = PBXBuildFile; fileRef = 6AFEEB2D13EB5AD80030660F /* AFImageCache.m */; };
		6AFE12ED141964A000633AF2 /* AFImageRequestOperation.m in Sources */ = {isa = PBXBuildFile; fileRef = 6AFEEB2F13EB5AD80030660F /* AFImageRequestOperation.m */; };
		6AFE12EE141964A300633AF2 /* AFJSONRequestOperation.m in Sources */ = {isa = PBXBuildFile; fileRef = 6AFEEB3113EB5AD80030660F /* AFJSONRequestOperation.m */; };
		6AFE12EF141964A600633AF2 /* AFNetworkActivityIndicatorManager.m in Sources */ = {isa = PBXBuildFile; fileRef = 6AFEEB3313EB5AD80030660F /* AFNetworkActivityIndicatorManager.m */; };
		6AFE12F0141964A800633AF2 /* AFRestClient.m in Sources */ = {isa = PBXBuildFile; fileRef = 6AFEEB3513EB5AD80030660F /* AFRestClient.m */; };
		6AFE12F1141964C000633AF2 /* ILBitly.m in Sources */ = {isa = PBXBuildFile; fileRef = 6AFEEAFB13EB03190030660F /* ILBitly.m */; };
		6AFE12F314198A2C00633AF2 /* shorten.json in Resources */ = {isa = PBXBuildFile; fileRef = 6AFE12F214198A2C00633AF2 /* shorten.json */; };
		6AFE12F6141B5B1F00633AF2 /* ILCannedURLProtocol.m in Sources */ = {isa = PBXBuildFile; fileRef = 6AFE12F5141B5B1F00633AF2 /* ILCannedURLProtocol.m */; };
		6AFE12FD141CC42100633AF2 /* shorten+limit.json in Resources */ = {isa = PBXBuildFile; fileRef = 6AFE12FC141CC42100633AF2 /* shorten+limit.json */; };
		6AFE12FE141CC64100633AF2 /* ILBitlyErrors.strings in Resources */ = {isa = PBXBuildFile; fileRef = 6A11A7B013EDFF45001B0548 /* ILBitlyErrors.strings */; };
		6AFE1300141D464200633AF2 /* expand.json in Resources */ = {isa = PBXBuildFile; fileRef = 6AFE12FF141D464200633AF2 /* expand.json */; };
		6AFE1302141D469700633AF2 /* expand+badkey.json in Resources */ = {isa = PBXBuildFile; fileRef = 6AFE1301141D469700633AF2 /* expand+badkey.json */; };
		6AFE1304141D4D6700633AF2 /* expand+notfound.json in Resources */ = {isa = PBXBuildFile; fileRef = 6AFE1303141D4D6700633AF2 /* expand+notfound.json */; };
		6AFE1306141D58C600633AF2 /* clicks.json in Resources */ = {isa = PBXBuildFile; fileRef = 6AFE1305141D58C600633AF2 /* clicks.json */; };
		6AFE1308141D5A4200633AF2 /* clicks+notfound.json in Resources */ = {isa = PBXBuildFile; fileRef = 6AFE1307141D5A4200633AF2 /* clicks+notfound.json */; };
		6AFE130A141D5A8600633AF2 /* clicks+badlogin.json in Resources */ = {isa = PBXBuildFile; fileRef = 6AFE1309141D5A8500633AF2 /* clicks+badlogin.json */; };
		6AFEEAFC13EB03190030660F /* ILBitly.m in Sources */ = {isa = PBXBuildFile; fileRef = 6AFEEAFB13EB03190030660F /* ILBitly.m */; };
		6AFEEB8B13EB5B230030660F /* JSONKit.m in Sources */ = {isa = PBXBuildFile; fileRef = 6AFEEB8213EB5AD80030660F /* JSONKit.m */; };
		6AFEEB8C13EB5B2D0030660F /* AFJSONRequestOperation.m in Sources */ = {isa = PBXBuildFile; fileRef = 6AFEEB3113EB5AD80030660F /* AFJSONRequestOperation.m */; };
		6AFEEB8D13EB5B320030660F /* AFImageRequestOperation.m in Sources */ = {isa = PBXBuildFile; fileRef = 6AFEEB2F13EB5AD80030660F /* AFImageRequestOperation.m */; };
		6AFEEB8E13EB5B380030660F /* AFImageCache.m in Sources */ = {isa = PBXBuildFile; fileRef = 6AFEEB2D13EB5AD80030660F /* AFImageCache.m */; };
		6AFEEB8F13EB5B430030660F /* UIImage+AFNetworking.m in Sources */ = {isa = PBXBuildFile; fileRef = 6AFEEB3713EB5AD80030660F /* UIImage+AFNetworking.m */; };
		6AFEEB9013EB5B5F0030660F /* AFHTTPRequestOperation.m in Sources */ = {isa = PBXBuildFile; fileRef = 6AFEEB2B13EB5AD80030660F /* AFHTTPRequestOperation.m */; };
		6AFEEB9113EB5B7F0030660F /* AFNetworkActivityIndicatorManager.m in Sources */ = {isa = PBXBuildFile; fileRef = 6AFEEB3313EB5AD80030660F /* AFNetworkActivityIndicatorManager.m */; };
		6AFEEB9213EB5B8A0030660F /* AFRestClient.m in Sources */ = {isa = PBXBuildFile; fileRef = 6AFEEB3513EB5AD80030660F /* AFRestClient.m */; };
		6AFEEB9313EB5B8E0030660F /* UIImageView+AFNetworking.m in Sources */ = {isa = PBXBuildFile; fileRef = 6AFEEB3913EB5AD80030660F /* UIImageView+AFNetworking.m */; };
/* End PBXBuildFile section */

/* Begin PBXFileReference section */
		6A11A7AF13EDFF45001B0548 /* en */ = {isa = PBXFileReference; lastKnownFileType = text.plist.strings; name = en; path = en.lproj/ILBitlyErrors.strings; sourceTree = "<group>"; };
		6A147C1313E9FF91000750C2 /* ILBitlySample.app */ = {isa = PBXFileReference; explicitFileType = wrapper.application; includeInIndex = 0; path = ILBitlySample.app; sourceTree = BUILT_PRODUCTS_DIR; };
		6A147C1713E9FF91000750C2 /* UIKit.framework */ = {isa = PBXFileReference; lastKnownFileType = wrapper.framework; name = UIKit.framework; path = System/Library/Frameworks/UIKit.framework; sourceTree = SDKROOT; };
		6A147C1913E9FF91000750C2 /* Foundation.framework */ = {isa = PBXFileReference; lastKnownFileType = wrapper.framework; name = Foundation.framework; path = System/Library/Frameworks/Foundation.framework; sourceTree = SDKROOT; };
		6A147C1B13E9FF91000750C2 /* CoreGraphics.framework */ = {isa = PBXFileReference; lastKnownFileType = wrapper.framework; name = CoreGraphics.framework; path = System/Library/Frameworks/CoreGraphics.framework; sourceTree = SDKROOT; };
		6A147C1F13E9FF91000750C2 /* ILBitlySample-Info.plist */ = {isa = PBXFileReference; lastKnownFileType = text.plist.xml; path = "ILBitlySample-Info.plist"; sourceTree = "<group>"; };
		6A147C2113E9FF91000750C2 /* en */ = {isa = PBXFileReference; lastKnownFileType = text.plist.strings; name = en; path = en.lproj/InfoPlist.strings; sourceTree = "<group>"; };
		6A147C2313E9FF91000750C2 /* main.m */ = {isa = PBXFileReference; lastKnownFileType = sourcecode.c.objc; path = main.m; sourceTree = "<group>"; };
		6A147C2513E9FF91000750C2 /* ILBitlySample-Prefix.pch */ = {isa = PBXFileReference; lastKnownFileType = sourcecode.c.h; path = "ILBitlySample-Prefix.pch"; sourceTree = "<group>"; };
		6A147C2613E9FF91000750C2 /* ILBitlySampleAppDelegate.h */ = {isa = PBXFileReference; lastKnownFileType = sourcecode.c.h; path = ILBitlySampleAppDelegate.h; sourceTree = "<group>"; };
		6A147C2713E9FF91000750C2 /* ILBitlySampleAppDelegate.m */ = {isa = PBXFileReference; lastKnownFileType = sourcecode.c.objc; path = ILBitlySampleAppDelegate.m; sourceTree = "<group>"; };
		6A147C2A13E9FF91000750C2 /* en */ = {isa = PBXFileReference; lastKnownFileType = file.xib; name = en; path = en.lproj/MainWindow.xib; sourceTree = "<group>"; };
		6A147C2C13E9FF91000750C2 /* ShortenViewController.h */ = {isa = PBXFileReference; lastKnownFileType = sourcecode.c.h; path = ShortenViewController.h; sourceTree = "<group>"; };
		6A147C2D13E9FF91000750C2 /* ShortenViewController.m */ = {isa = PBXFileReference; lastKnownFileType = sourcecode.c.objc; path = ShortenViewController.m; sourceTree = "<group>"; };
		6A147C2F13E9FF91000750C2 /* SettingsViewController.h */ = {isa = PBXFileReference; lastKnownFileType = sourcecode.c.h; path = SettingsViewController.h; sourceTree = "<group>"; };
		6A147C3013E9FF91000750C2 /* SettingsViewController.m */ = {isa = PBXFileReference; lastKnownFileType = sourcecode.c.objc; path = SettingsViewController.m; sourceTree = "<group>"; };
		6A147C3313E9FF91000750C2 /* en */ = {isa = PBXFileReference; lastKnownFileType = file.xib; name = en; path = en.lproj/ShortenView.xib; sourceTree = "<group>"; };
		6A147C3613E9FF91000750C2 /* en */ = {isa = PBXFileReference; lastKnownFileType = file.xib; name = en; path = en.lproj/SettingsView.xib; sourceTree = "<group>"; };
		6A147C3E13E9FF91000750C2 /* SenTestingKit.framework */ = {isa = PBXFileReference; lastKnownFileType = wrapper.framework; name = SenTestingKit.framework; path = Library/Frameworks/SenTestingKit.framework; sourceTree = DEVELOPER_DIR; };
		6AB6F62E141946C80044C906 /* UnitTest.octest */ = {isa = PBXFileReference; explicitFileType = wrapper.cfbundle; includeInIndex = 0; path = UnitTest.octest; sourceTree = BUILT_PRODUCTS_DIR; };
		6AB6F635141946C80044C906 /* UnitTest-Info.plist */ = {isa = PBXFileReference; lastKnownFileType = text.plist.xml; path = "UnitTest-Info.plist"; sourceTree = "<group>"; };
		6AB6F637141946C80044C906 /* en */ = {isa = PBXFileReference; lastKnownFileType = text.plist.strings; name = en; path = en.lproj/InfoPlist.strings; sourceTree = "<group>"; };
		6AB6F63D141946C80044C906 /* UnitTest-Prefix.pch */ = {isa = PBXFileReference; lastKnownFileType = sourcecode.c.h; path = "UnitTest-Prefix.pch"; sourceTree = "<group>"; };
		6AB6F641141947690044C906 /* ILBitlyTest.h */ = {isa = PBXFileReference; fileEncoding = 4; lastKnownFileType = sourcecode.c.h; path = ILBitlyTest.h; sourceTree = "<group>"; };
		6AB6F642141947690044C906 /* ILBitlyTest.m */ = {isa = PBXFileReference; fileEncoding = 4; lastKnownFileType = sourcecode.c.objc; path = ILBitlyTest.m; sourceTree = "<group>"; };
		6AC514E713EDF1DD0059E6E6 /* ExpandViewController.h */ = {isa = PBXFileReference; fileEncoding = 4; lastKnownFileType = sourcecode.c.h; path = ExpandViewController.h; sourceTree = "<group>"; };
		6AC514E813EDF1DD0059E6E6 /* ExpandViewController.m */ = {isa = PBXFileReference; fileEncoding = 4; lastKnownFileType = sourcecode.c.objc; path = ExpandViewController.m; sourceTree = "<group>"; };
		6AC514ED13EDF20A0059E6E6 /* en */ = {isa = PBXFileReference; lastKnownFileType = file.xib; name = en; path = en.lproj/ExpandView.xib; sourceTree = "<group>"; };
		6AFE12F214198A2C00633AF2 /* shorten.json */ = {isa = PBXFileReference; fileEncoding = 4; lastKnownFileType = text.json; path = shorten.json; sourceTree = "<group>"; };
		6AFE12F4141B5B1F00633AF2 /* ILCannedURLProtocol.h */ = {isa = PBXFileReference; fileEncoding = 4; lastKnownFileType = sourcecode.c.h; path = ILCannedURLProtocol.h; sourceTree = "<group>"; };
		6AFE12F5141B5B1F00633AF2 /* ILCannedURLProtocol.m */ = {isa = PBXFileReference; fileEncoding = 4; lastKnownFileType = sourcecode.c.objc; path = ILCannedURLProtocol.m; sourceTree = "<group>"; };
		6AFE12FC141CC42100633AF2 /* shorten+limit.json */ = {isa = PBXFileReference; fileEncoding = 4; lastKnownFileType = text.json; path = "shorten+limit.json"; sourceTree = "<group>"; };
		6AFE12FF141D464200633AF2 /* expand.json */ = {isa = PBXFileReference; fileEncoding = 4; lastKnownFileType = text.json; path = expand.json; sourceTree = "<group>"; };
		6AFE1301141D469700633AF2 /* expand+badkey.json */ = {isa = PBXFileReference; fileEncoding = 4; lastKnownFileType = text.json; path = "expand+badkey.json"; sourceTree = "<group>"; };
		6AFE1303141D4D6700633AF2 /* expand+notfound.json */ = {isa = PBXFileReference; fileEncoding = 4; lastKnownFileType = text.json; path = "expand+notfound.json"; sourceTree = "<group>"; };
		6AFE1305141D58C600633AF2 /* clicks.json */ = {isa = PBXFileReference; fileEncoding = 4; lastKnownFileType = text.json; path = clicks.json; sourceTree = "<group>"; };
		6AFE1307141D5A4200633AF2 /* clicks+notfound.json */ = {isa = PBXFileReference; fileEncoding = 4; lastKnownFileType = text.json; path = "clicks+notfound.json"; sourceTree = "<group>"; };
		6AFE1309141D5A8500633AF2 /* clicks+badlogin.json */ = {isa = PBXFileReference; fileEncoding = 4; lastKnownFileType = text.json; path = "clicks+badlogin.json"; sourceTree = "<group>"; };
		6AFEEAF813EAFFAA0030660F /* LICENSE */ = {isa = PBXFileReference; lastKnownFileType = text; name = LICENSE; path = ../LICENSE; sourceTree = "<group>"; };
		6AFEEAF913EAFFC00030660F /* README.md */ = {isa = PBXFileReference; lastKnownFileType = text; name = README.md; path = ../README.md; sourceTree = "<group>"; };
		6AFEEAFA13EB03190030660F /* ILBitly.h */ = {isa = PBXFileReference; fileEncoding = 4; lastKnownFileType = sourcecode.c.h; path = ILBitly.h; sourceTree = "<group>"; };
		6AFEEAFB13EB03190030660F /* ILBitly.m */ = {isa = PBXFileReference; fileEncoding = 4; lastKnownFileType = sourcecode.c.objc; path = ILBitly.m; sourceTree = "<group>"; };
		6AFEEB2A13EB5AD80030660F /* AFHTTPRequestOperation.h */ = {isa = PBXFileReference; lastKnownFileType = sourcecode.c.h; path = AFHTTPRequestOperation.h; sourceTree = "<group>"; };
		6AFEEB2B13EB5AD80030660F /* AFHTTPRequestOperation.m */ = {isa = PBXFileReference; lastKnownFileType = sourcecode.c.objc; path = AFHTTPRequestOperation.m; sourceTree = "<group>"; };
		6AFEEB2C13EB5AD80030660F /* AFImageCache.h */ = {isa = PBXFileReference; lastKnownFileType = sourcecode.c.h; path = AFImageCache.h; sourceTree = "<group>"; };
		6AFEEB2D13EB5AD80030660F /* AFImageCache.m */ = {isa = PBXFileReference; lastKnownFileType = sourcecode.c.objc; path = AFImageCache.m; sourceTree = "<group>"; };
		6AFEEB2E13EB5AD80030660F /* AFImageRequestOperation.h */ = {isa = PBXFileReference; lastKnownFileType = sourcecode.c.h; path = AFImageRequestOperation.h; sourceTree = "<group>"; };
		6AFEEB2F13EB5AD80030660F /* AFImageRequestOperation.m */ = {isa = PBXFileReference; lastKnownFileType = sourcecode.c.objc; path = AFImageRequestOperation.m; sourceTree = "<group>"; };
		6AFEEB3013EB5AD80030660F /* AFJSONRequestOperation.h */ = {isa = PBXFileReference; lastKnownFileType = sourcecode.c.h; path = AFJSONRequestOperation.h; sourceTree = "<group>"; };
		6AFEEB3113EB5AD80030660F /* AFJSONRequestOperation.m */ = {isa = PBXFileReference; lastKnownFileType = sourcecode.c.objc; path = AFJSONRequestOperation.m; sourceTree = "<group>"; };
		6AFEEB3213EB5AD80030660F /* AFNetworkActivityIndicatorManager.h */ = {isa = PBXFileReference; lastKnownFileType = sourcecode.c.h; path = AFNetworkActivityIndicatorManager.h; sourceTree = "<group>"; };
		6AFEEB3313EB5AD80030660F /* AFNetworkActivityIndicatorManager.m */ = {isa = PBXFileReference; lastKnownFileType = sourcecode.c.objc; path = AFNetworkActivityIndicatorManager.m; sourceTree = "<group>"; };
		6AFEEB3413EB5AD80030660F /* AFRestClient.h */ = {isa = PBXFileReference; lastKnownFileType = sourcecode.c.h; path = AFRestClient.h; sourceTree = "<group>"; };
		6AFEEB3513EB5AD80030660F /* AFRestClient.m */ = {isa = PBXFileReference; lastKnownFileType = sourcecode.c.objc; path = AFRestClient.m; sourceTree = "<group>"; };
		6AFEEB3613EB5AD80030660F /* UIImage+AFNetworking.h */ = {isa = PBXFileReference; lastKnownFileType = sourcecode.c.h; path = "UIImage+AFNetworking.h"; sourceTree = "<group>"; };
		6AFEEB3713EB5AD80030660F /* UIImage+AFNetworking.m */ = {isa = PBXFileReference; lastKnownFileType = sourcecode.c.objc; path = "UIImage+AFNetworking.m"; sourceTree = "<group>"; };
		6AFEEB3813EB5AD80030660F /* UIImageView+AFNetworking.h */ = {isa = PBXFileReference; lastKnownFileType = sourcecode.c.h; path = "UIImageView+AFNetworking.h"; sourceTree = "<group>"; };
		6AFEEB3913EB5AD80030660F /* UIImageView+AFNetworking.m */ = {isa = PBXFileReference; lastKnownFileType = sourcecode.c.objc; path = "UIImageView+AFNetworking.m"; sourceTree = "<group>"; };
		6AFEEB8113EB5AD80030660F /* JSONKit.h */ = {isa = PBXFileReference; lastKnownFileType = sourcecode.c.h; path = JSONKit.h; sourceTree = "<group>"; };
		6AFEEB8213EB5AD80030660F /* JSONKit.m */ = {isa = PBXFileReference; lastKnownFileType = sourcecode.c.objc; path = JSONKit.m; sourceTree = "<group>"; };
/* End PBXFileReference section */

/* Begin PBXFrameworksBuildPhase section */
		6A147C1013E9FF91000750C2 /* Frameworks */ = {
			isa = PBXFrameworksBuildPhase;
			buildActionMask = 2147483647;
			files = (
				6A147C1813E9FF91000750C2 /* UIKit.framework in Frameworks */,
				6A147C1A13E9FF91000750C2 /* Foundation.framework in Frameworks */,
				6A147C1C13E9FF91000750C2 /* CoreGraphics.framework in Frameworks */,
			);
			runOnlyForDeploymentPostprocessing = 0;
		};
		6AB6F62A141946C80044C906 /* Frameworks */ = {
			isa = PBXFrameworksBuildPhase;
			buildActionMask = 2147483647;
			files = (
				6AB6F62F141946C80044C906 /* SenTestingKit.framework in Frameworks */,
				6AB6F630141946C80044C906 /* UIKit.framework in Frameworks */,
				6AB6F631141946C80044C906 /* Foundation.framework in Frameworks */,
				6AB6F632141946C80044C906 /* CoreGraphics.framework in Frameworks */,
			);
			runOnlyForDeploymentPostprocessing = 0;
		};
/* End PBXFrameworksBuildPhase section */

/* Begin PBXGroup section */
		6A147C0813E9FF90000750C2 = {
			isa = PBXGroup;
			children = (
				6AFEEAF813EAFFAA0030660F /* LICENSE */,
				6AFEEAF913EAFFC00030660F /* README.md */,
				6AFEEAED13EAFB8B0030660F /* ILBitly */,
				6AFEEB0213EB5AD80030660F /* 3rdParty */,
				6A147C1D13E9FF91000750C2 /* ILBitlySample */,
				6AB6F633141946C80044C906 /* UnitTest */,
				6A147C1613E9FF91000750C2 /* Frameworks */,
				6A147C1413E9FF91000750C2 /* Products */,
			);
			sourceTree = "<group>";
		};
		6A147C1413E9FF91000750C2 /* Products */ = {
			isa = PBXGroup;
			children = (
				6A147C1313E9FF91000750C2 /* ILBitlySample.app */,
				6AB6F62E141946C80044C906 /* UnitTest.octest */,
			);
			name = Products;
			sourceTree = "<group>";
		};
		6A147C1613E9FF91000750C2 /* Frameworks */ = {
			isa = PBXGroup;
			children = (
				6A147C1713E9FF91000750C2 /* UIKit.framework */,
				6A147C1913E9FF91000750C2 /* Foundation.framework */,
				6A147C1B13E9FF91000750C2 /* CoreGraphics.framework */,
				6A147C3E13E9FF91000750C2 /* SenTestingKit.framework */,
			);
			name = Frameworks;
			sourceTree = "<group>";
		};
		6A147C1D13E9FF91000750C2 /* ILBitlySample */ = {
			isa = PBXGroup;
			children = (
				6A147C2613E9FF91000750C2 /* ILBitlySampleAppDelegate.h */,
				6A147C2713E9FF91000750C2 /* ILBitlySampleAppDelegate.m */,
				6A147C2913E9FF91000750C2 /* MainWindow.xib */,
				6AC514F013EDF3B00059E6E6 /* Shorten */,
				6AC514F113EDF3D80059E6E6 /* Expand */,
				6AC514F213EDF3ED0059E6E6 /* Settings */,
				6A147C1E13E9FF91000750C2 /* Supporting Files */,
			);
			path = ILBitlySample;
			sourceTree = "<group>";
		};
		6A147C1E13E9FF91000750C2 /* Supporting Files */ = {
			isa = PBXGroup;
			children = (
				6A147C1F13E9FF91000750C2 /* ILBitlySample-Info.plist */,
				6A147C2013E9FF91000750C2 /* InfoPlist.strings */,
				6A147C2313E9FF91000750C2 /* main.m */,
				6A147C2513E9FF91000750C2 /* ILBitlySample-Prefix.pch */,
			);
			name = "Supporting Files";
			sourceTree = "<group>";
		};
		6AB6F627141945230044C906 /* UnitTest */ = {
			isa = PBXGroup;
			children = (
				6AB6F641141947690044C906 /* ILBitlyTest.h */,
				6AB6F642141947690044C906 /* ILBitlyTest.m */,
				6AFE12F4141B5B1F00633AF2 /* ILCannedURLProtocol.h */,
				6AFE12F5141B5B1F00633AF2 /* ILCannedURLProtocol.m */,
				6AFE12FB141CC1A900633AF2 /* Test Data */,
			);
			path = UnitTest;
			sourceTree = "<group>";
		};
		6AB6F633141946C80044C906 /* UnitTest */ = {
			isa = PBXGroup;
			children = (
				6AB6F634141946C80044C906 /* Supporting Files */,
			);
			path = UnitTest;
			sourceTree = "<group>";
		};
		6AB6F634141946C80044C906 /* Supporting Files */ = {
			isa = PBXGroup;
			children = (
				6AB6F635141946C80044C906 /* UnitTest-Info.plist */,
				6AB6F636141946C80044C906 /* InfoPlist.strings */,
				6AB6F63D141946C80044C906 /* UnitTest-Prefix.pch */,
			);
			name = "Supporting Files";
			sourceTree = "<group>";
		};
		6AC514F013EDF3B00059E6E6 /* Shorten */ = {
			isa = PBXGroup;
			children = (
				6A147C2C13E9FF91000750C2 /* ShortenViewController.h */,
				6A147C2D13E9FF91000750C2 /* ShortenViewController.m */,
				6A147C3213E9FF91000750C2 /* ShortenView.xib */,
			);
			name = Shorten;
			sourceTree = "<group>";
		};
		6AC514F113EDF3D80059E6E6 /* Expand */ = {
			isa = PBXGroup;
			children = (
				6AC514E713EDF1DD0059E6E6 /* ExpandViewController.h */,
				6AC514E813EDF1DD0059E6E6 /* ExpandViewController.m */,
				6AC514EE13EDF20A0059E6E6 /* ExpandView.xib */,
			);
			name = Expand;
			sourceTree = "<group>";
		};
		6AC514F213EDF3ED0059E6E6 /* Settings */ = {
			isa = PBXGroup;
			children = (
				6A147C2F13E9FF91000750C2 /* SettingsViewController.h */,
				6A147C3013E9FF91000750C2 /* SettingsViewController.m */,
				6A147C3513E9FF91000750C2 /* SettingsView.xib */,
			);
			name = Settings;
			sourceTree = "<group>";
		};
		6AFE12FB141CC1A900633AF2 /* Test Data */ = {
			isa = PBXGroup;
			children = (
				6AFE12F214198A2C00633AF2 /* shorten.json */,
				6AFE12FC141CC42100633AF2 /* shorten+limit.json */,
				6AFE12FF141D464200633AF2 /* expand.json */,
				6AFE1303141D4D6700633AF2 /* expand+notfound.json */,
				6AFE1301141D469700633AF2 /* expand+badkey.json */,
				6AFE1305141D58C600633AF2 /* clicks.json */,
				6AFE1307141D5A4200633AF2 /* clicks+notfound.json */,
				6AFE1309141D5A8500633AF2 /* clicks+badlogin.json */,
			);
			name = "Test Data";
			sourceTree = "<group>";
		};
		6AFEEAED13EAFB8B0030660F /* ILBitly */ = {
			isa = PBXGroup;
			children = (
				6AFEEAFA13EB03190030660F /* ILBitly.h */,
				6AFEEAFB13EB03190030660F /* ILBitly.m */,
				6A11A7B013EDFF45001B0548 /* ILBitlyErrors.strings */,
				6AB6F627141945230044C906 /* UnitTest */,
			);
			name = ILBitly;
			path = ../ILBitly;
			sourceTree = "<group>";
		};
		6AFEEB0213EB5AD80030660F /* 3rdParty */ = {
			isa = PBXGroup;
			children = (
				6AFEEB2913EB5AD80030660F /* AFNetworking */,
				6AFEEB5A13EB5AD80030660F /* JSONKit */,
			);
			name = 3rdParty;
			path = ../3rdParty;
			sourceTree = "<group>";
		};
		6AFEEB2913EB5AD80030660F /* AFNetworking */ = {
			isa = PBXGroup;
			children = (
				6AFEEB2A13EB5AD80030660F /* AFHTTPRequestOperation.h */,
				6AFEEB2B13EB5AD80030660F /* AFHTTPRequestOperation.m */,
				6AFEEB2C13EB5AD80030660F /* AFImageCache.h */,
				6AFEEB2D13EB5AD80030660F /* AFImageCache.m */,
				6AFEEB2E13EB5AD80030660F /* AFImageRequestOperation.h */,
				6AFEEB2F13EB5AD80030660F /* AFImageRequestOperation.m */,
				6AFEEB3013EB5AD80030660F /* AFJSONRequestOperation.h */,
				6AFEEB3113EB5AD80030660F /* AFJSONRequestOperation.m */,
				6AFEEB3213EB5AD80030660F /* AFNetworkActivityIndicatorManager.h */,
				6AFEEB3313EB5AD80030660F /* AFNetworkActivityIndicatorManager.m */,
				6AFEEB3413EB5AD80030660F /* AFRestClient.h */,
				6AFEEB3513EB5AD80030660F /* AFRestClient.m */,
				6AFEEB3613EB5AD80030660F /* UIImage+AFNetworking.h */,
				6AFEEB3713EB5AD80030660F /* UIImage+AFNetworking.m */,
				6AFEEB3813EB5AD80030660F /* UIImageView+AFNetworking.h */,
				6AFEEB3913EB5AD80030660F /* UIImageView+AFNetworking.m */,
			);
			name = AFNetworking;
			path = AFNetworking/AFNetworking;
			sourceTree = "<group>";
		};
		6AFEEB5A13EB5AD80030660F /* JSONKit */ = {
			isa = PBXGroup;
			children = (
				6AFEEB8113EB5AD80030660F /* JSONKit.h */,
				6AFEEB8213EB5AD80030660F /* JSONKit.m */,
			);
			path = JSONKit;
			sourceTree = "<group>";
		};
/* End PBXGroup section */

/* Begin PBXNativeTarget section */
		6A147C1213E9FF91000750C2 /* ILBitlySample */ = {
			isa = PBXNativeTarget;
			buildConfigurationList = 6A147C5113E9FF91000750C2 /* Build configuration list for PBXNativeTarget "ILBitlySample" */;
			buildPhases = (
				6A147C0F13E9FF91000750C2 /* Sources */,
				6A147C1013E9FF91000750C2 /* Frameworks */,
				6A147C1113E9FF91000750C2 /* Resources */,
			);
			buildRules = (
			);
			dependencies = (
			);
			name = ILBitlySample;
			productName = ILBitlySample;
			productReference = 6A147C1313E9FF91000750C2 /* ILBitlySample.app */;
			productType = "com.apple.product-type.application";
		};
		6AB6F62D141946C80044C906 /* UnitTest */ = {
			isa = PBXNativeTarget;
			buildConfigurationList = 6AB6F63E141946C80044C906 /* Build configuration list for PBXNativeTarget "UnitTest" */;
			buildPhases = (
				6AB6F629141946C80044C906 /* Sources */,
				6AB6F62A141946C80044C906 /* Frameworks */,
				6AB6F62B141946C80044C906 /* Resources */,
				6AB6F62C141946C80044C906 /* ShellScript */,
			);
			buildRules = (
			);
			dependencies = (
			);
			name = UnitTest;
			productName = UnitTest;
			productReference = 6AB6F62E141946C80044C906 /* UnitTest.octest */;
			productType = "com.apple.product-type.bundle";
		};
/* End PBXNativeTarget section */

/* Begin PBXProject section */
		6A147C0A13E9FF90000750C2 /* Project object */ = {
			isa = PBXProject;
			attributes = {
				LastUpgradeCheck = 0410;
				ORGANIZATIONNAME = "Infinite Loop";
			};
			buildConfigurationList = 6A147C0D13E9FF90000750C2 /* Build configuration list for PBXProject "ILBitlySample" */;
			compatibilityVersion = "Xcode 3.2";
			developmentRegion = English;
			hasScannedForEncodings = 0;
			knownRegions = (
				en,
			);
			mainGroup = 6A147C0813E9FF90000750C2;
			productRefGroup = 6A147C1413E9FF91000750C2 /* Products */;
			projectDirPath = "";
			projectRoot = "";
			targets = (
				6A147C1213E9FF91000750C2 /* ILBitlySample */,
				6AC514D713ED73A90059E6E6 /* Documentation */,
				6AB6F62D141946C80044C906 /* UnitTest */,
			);
		};
/* End PBXProject section */

/* Begin PBXResourcesBuildPhase section */
		6A147C1113E9FF91000750C2 /* Resources */ = {
			isa = PBXResourcesBuildPhase;
			buildActionMask = 2147483647;
			files = (
				6A147C2213E9FF91000750C2 /* InfoPlist.strings in Resources */,
				6A147C2B13E9FF91000750C2 /* MainWindow.xib in Resources */,
				6A147C3413E9FF91000750C2 /* ShortenView.xib in Resources */,
				6A147C3713E9FF91000750C2 /* SettingsView.xib in Resources */,
				6AC514EC13EDF20A0059E6E6 /* ExpandView.xib in Resources */,
				6A11A7AE13EDFF45001B0548 /* ILBitlyErrors.strings in Resources */,
			);
			runOnlyForDeploymentPostprocessing = 0;
		};
		6AB6F62B141946C80044C906 /* Resources */ = {
			isa = PBXResourcesBuildPhase;
			buildActionMask = 2147483647;
			files = (
				6AB6F638141946C80044C906 /* InfoPlist.strings in Resources */,
				6AFE12F314198A2C00633AF2 /* shorten.json in Resources */,
				6AFE12FD141CC42100633AF2 /* shorten+limit.json in Resources */,
				6AFE12FE141CC64100633AF2 /* ILBitlyErrors.strings in Resources */,
				6AFE1300141D464200633AF2 /* expand.json in Resources */,
				6AFE1302141D469700633AF2 /* expand+badkey.json in Resources */,
				6AFE1304141D4D6700633AF2 /* expand+notfound.json in Resources */,
				6AFE1306141D58C600633AF2 /* clicks.json in Resources */,
				6AFE1308141D5A4200633AF2 /* clicks+notfound.json in Resources */,
				6AFE130A141D5A8600633AF2 /* clicks+badlogin.json in Resources */,
			);
			runOnlyForDeploymentPostprocessing = 0;
		};
/* End PBXResourcesBuildPhase section */

/* Begin PBXShellScriptBuildPhase section */
		6AB6F62C141946C80044C906 /* ShellScript */ = {
			isa = PBXShellScriptBuildPhase;
			buildActionMask = 2147483647;
			files = (
			);
			inputPaths = (
			);
			outputPaths = (
			);
			runOnlyForDeploymentPostprocessing = 0;
			shellPath = /bin/sh;
			shellScript = "# Run the unit tests in this test bundle.\n\"${SYSTEM_DEVELOPER_DIR}/Tools/RunUnitTests\"\n";
		};
		6AC514DB13ED73BB0059E6E6 /* Build Documentation */ = {
			isa = PBXShellScriptBuildPhase;
			buildActionMask = 2147483647;
			files = (
			);
			inputPaths = (
			);
			name = "Build Documentation";
			outputPaths = (
			);
			runOnlyForDeploymentPostprocessing = 0;
			shellPath = /bin/sh;
			shellScript = "/usr/local/bin/appledoc \\\n--project-name \"ILBitly\" \\\n--project-company \"Infinite Loop\" \\\n--company-id dk.infinite-loop \\\n--output ~/help \\\n--logformat xcode \\\n--keep-undocumented-objects \\\n--keep-undocumented-members \\\n--exit-threshold 2 \\\n--ignore .m \\\n--ignore UnitTest \\\n\"${PROJECT_DIR}/../ILBitly\"";
		};
/* End PBXShellScriptBuildPhase section */

/* Begin PBXSourcesBuildPhase section */
		6A147C0F13E9FF91000750C2 /* Sources */ = {
			isa = PBXSourcesBuildPhase;
			buildActionMask = 2147483647;
			files = (
				6A147C2413E9FF91000750C2 /* main.m in Sources */,
				6A147C2813E9FF91000750C2 /* ILBitlySampleAppDelegate.m in Sources */,
				6A147C2E13E9FF91000750C2 /* ShortenViewController.m in Sources */,
				6A147C3113E9FF91000750C2 /* SettingsViewController.m in Sources */,
				6AFEEAFC13EB03190030660F /* ILBitly.m in Sources */,
				6AFEEB8B13EB5B230030660F /* JSONKit.m in Sources */,
				6AFEEB8C13EB5B2D0030660F /* AFJSONRequestOperation.m in Sources */,
				6AFEEB8D13EB5B320030660F /* AFImageRequestOperation.m in Sources */,
				6AFEEB8E13EB5B380030660F /* AFImageCache.m in Sources */,
				6AFEEB8F13EB5B430030660F /* UIImage+AFNetworking.m in Sources */,
				6AFEEB9013EB5B5F0030660F /* AFHTTPRequestOperation.m in Sources */,
				6AFEEB9113EB5B7F0030660F /* AFNetworkActivityIndicatorManager.m in Sources */,
				6AFEEB9213EB5B8A0030660F /* AFRestClient.m in Sources */,
				6AFEEB9313EB5B8E0030660F /* UIImageView+AFNetworking.m in Sources */,
				6AC514EA13EDF1DE0059E6E6 /* ExpandViewController.m in Sources */,
			);
			runOnlyForDeploymentPostprocessing = 0;
		};
		6AB6F629141946C80044C906 /* Sources */ = {
			isa = PBXSourcesBuildPhase;
			buildActionMask = 2147483647;
			files = (
				6AB6F643141947690044C906 /* ILBitlyTest.m in Sources */,
				6AFE12EA14195EF900633AF2 /* JSONKit.m in Sources */,
				6AFE12EB1419649A00633AF2 /* AFHTTPRequestOperation.m in Sources */,
				6AFE12EC1419649D00633AF2 /* AFImageCache.m in Sources */,
				6AFE12ED141964A000633AF2 /* AFImageRequestOperation.m in Sources */,
				6AFE12EE141964A300633AF2 /* AFJSONRequestOperation.m in Sources */,
				6AFE12EF141964A600633AF2 /* AFNetworkActivityIndicatorManager.m in Sources */,
				6AFE12F0141964A800633AF2 /* AFRestClient.m in Sources */,
				6AFE12F1141964C000633AF2 /* ILBitly.m in Sources */,
				6AFE12F6141B5B1F00633AF2 /* ILCannedURLProtocol.m in Sources */,
			);
			runOnlyForDeploymentPostprocessing = 0;
		};
/* End PBXSourcesBuildPhase section */

/* Begin PBXVariantGroup section */
		6A11A7B013EDFF45001B0548 /* ILBitlyErrors.strings */ = {
			isa = PBXVariantGroup;
			children = (
				6A11A7AF13EDFF45001B0548 /* en */,
			);
			name = ILBitlyErrors.strings;
			sourceTree = "<group>";
		};
		6A147C2013E9FF91000750C2 /* InfoPlist.strings */ = {
			isa = PBXVariantGroup;
			children = (
				6A147C2113E9FF91000750C2 /* en */,
			);
			name = InfoPlist.strings;
			sourceTree = "<group>";
		};
		6A147C2913E9FF91000750C2 /* MainWindow.xib */ = {
			isa = PBXVariantGroup;
			children = (
				6A147C2A13E9FF91000750C2 /* en */,
			);
			name = MainWindow.xib;
			sourceTree = "<group>";
		};
		6A147C3213E9FF91000750C2 /* ShortenView.xib */ = {
			isa = PBXVariantGroup;
			children = (
				6A147C3313E9FF91000750C2 /* en */,
			);
			name = ShortenView.xib;
			sourceTree = "<group>";
		};
		6A147C3513E9FF91000750C2 /* SettingsView.xib */ = {
			isa = PBXVariantGroup;
			children = (
				6A147C3613E9FF91000750C2 /* en */,
			);
			name = SettingsView.xib;
			sourceTree = "<group>";
		};
		6AB6F636141946C80044C906 /* InfoPlist.strings */ = {
			isa = PBXVariantGroup;
			children = (
				6AB6F637141946C80044C906 /* en */,
			);
			name = InfoPlist.strings;
			sourceTree = "<group>";
		};
		6AC514EE13EDF20A0059E6E6 /* ExpandView.xib */ = {
			isa = PBXVariantGroup;
			children = (
				6AC514ED13EDF20A0059E6E6 /* en */,
			);
			name = ExpandView.xib;
			sourceTree = "<group>";
		};
/* End PBXVariantGroup section */

/* Begin XCBuildConfiguration section */
		6A147C4F13E9FF91000750C2 /* Debug */ = {
			isa = XCBuildConfiguration;
			buildSettings = {
				ALWAYS_SEARCH_USER_PATHS = NO;
				ARCHS = "$(ARCHS_STANDARD_32_BIT)";
				"CODE_SIGN_IDENTITY[sdk=iphoneos*]" = "iPhone Developer";
				COPY_PHASE_STRIP = NO;
				GCC_C_LANGUAGE_STANDARD = gnu99;
				GCC_DYNAMIC_NO_PIC = NO;
				GCC_OPTIMIZATION_LEVEL = 0;
				GCC_PREPROCESSOR_DEFINITIONS = (
					"DEBUG=1",
					"$(inherited)",
				);
				GCC_SYMBOLS_PRIVATE_EXTERN = NO;
				GCC_VERSION = com.apple.compilers.llvmgcc42;
				GCC_WARN_ABOUT_MISSING_PROTOTYPES = YES;
				GCC_WARN_ABOUT_RETURN_TYPE = YES;
				GCC_WARN_UNUSED_VARIABLE = YES;
				IPHONEOS_DEPLOYMENT_TARGET = 4.3;
				SDKROOT = iphoneos;
			};
			name = Debug;
		};
		6A147C5013E9FF91000750C2 /* Release */ = {
			isa = XCBuildConfiguration;
			buildSettings = {
				ALWAYS_SEARCH_USER_PATHS = NO;
				ARCHS = "$(ARCHS_STANDARD_32_BIT)";
				"CODE_SIGN_IDENTITY[sdk=iphoneos*]" = "iPhone Developer";
				COPY_PHASE_STRIP = YES;
				GCC_C_LANGUAGE_STANDARD = gnu99;
				GCC_VERSION = com.apple.compilers.llvmgcc42;
				GCC_WARN_ABOUT_MISSING_PROTOTYPES = YES;
				GCC_WARN_ABOUT_RETURN_TYPE = YES;
				GCC_WARN_UNUSED_VARIABLE = YES;
				IPHONEOS_DEPLOYMENT_TARGET = 4.3;
				OTHER_CFLAGS = "-DNS_BLOCK_ASSERTIONS=1";
				SDKROOT = iphoneos;
				VALIDATE_PRODUCT = YES;
			};
			name = Release;
		};
		6A147C5213E9FF91000750C2 /* Debug */ = {
			isa = XCBuildConfiguration;
			buildSettings = {
				GCC_PRECOMPILE_PREFIX_HEADER = YES;
				GCC_PREFIX_HEADER = "ILBitlySample/ILBitlySample-Prefix.pch";
				INFOPLIST_FILE = "ILBitlySample/ILBitlySample-Info.plist";
				PRODUCT_NAME = "$(TARGET_NAME)";
				WRAPPER_EXTENSION = app;
			};
			name = Debug;
		};
		6A147C5313E9FF91000750C2 /* Release */ = {
			isa = XCBuildConfiguration;
			buildSettings = {
				GCC_PRECOMPILE_PREFIX_HEADER = YES;
				GCC_PREFIX_HEADER = "ILBitlySample/ILBitlySample-Prefix.pch";
				INFOPLIST_FILE = "ILBitlySample/ILBitlySample-Info.plist";
				PRODUCT_NAME = "$(TARGET_NAME)";
				WRAPPER_EXTENSION = app;
			};
			name = Release;
		};
		6AB6F63F141946C80044C906 /* Debug */ = {
			isa = XCBuildConfiguration;
			buildSettings = {
				FRAMEWORK_SEARCH_PATHS = (
					"$(SDKROOT)/Developer/Library/Frameworks",
					"$(DEVELOPER_LIBRARY_DIR)/Frameworks",
					"\"$(SRCROOT)/../3rdParty/OCMock/Release/\"",
				);
				GCC_GENERATE_TEST_COVERAGE_FILES = YES;
				GCC_INSTRUMENT_PROGRAM_FLOW_ARCS = YES;
				GCC_PRECOMPILE_PREFIX_HEADER = NO;
				GCC_PREFIX_HEADER = "UnitTest/UnitTest-Prefix.pch";
				GCC_VERSION = 4.2;
				INFOPLIST_FILE = "UnitTest/UnitTest-Info.plist";
				LIBRARY_SEARCH_PATHS = "$(inherited)";
				OTHER_LDFLAGS = (
					"-lgcov",
					"-ObjC",
					"-force_load",
					"\"$(SRCROOT)/../3rdParty/OCMock/Release/Library/libOCMock.a\"",
				);
				PRODUCT_NAME = "$(TARGET_NAME)";
				WRAPPER_EXTENSION = octest;
			};
			name = Debug;
		};
		6AB6F640141946C80044C906 /* Release */ = {
			isa = XCBuildConfiguration;
			buildSettings = {
				FRAMEWORK_SEARCH_PATHS = (
					"$(SDKROOT)/Developer/Library/Frameworks",
					"$(DEVELOPER_LIBRARY_DIR)/Frameworks",
					"\"$(SRCROOT)/../3rdParty/OCMock/Release/\"",
				);
				GCC_GENERATE_TEST_COVERAGE_FILES = YES;
				GCC_INSTRUMENT_PROGRAM_FLOW_ARCS = YES;
				GCC_PRECOMPILE_PREFIX_HEADER = NO;
				GCC_PREFIX_HEADER = "UnitTest/UnitTest-Prefix.pch";
				GCC_VERSION = 4.2;
				INFOPLIST_FILE = "UnitTest/UnitTest-Info.plist";
				LIBRARY_SEARCH_PATHS = "$(inherited)";
				OTHER_LDFLAGS = (
					"-lgcov",
					"-ObjC",
					"-force_load",
					"\"$(SRCROOT)/../3rdParty/OCMock/Release/Library/libOCMock.a\"",
				);
				PRODUCT_NAME = "$(TARGET_NAME)";
				WRAPPER_EXTENSION = octest;
			};
			name = Release;
		};
		6AC514D913ED73A90059E6E6 /* Debug */ = {
			isa = XCBuildConfiguration;
			buildSettings = {
				PRODUCT_NAME = "$(TARGET_NAME)";
			};
			name = Debug;
		};
		6AC514DA13ED73A90059E6E6 /* Release */ = {
			isa = XCBuildConfiguration;
			buildSettings = {
				PRODUCT_NAME = "$(TARGET_NAME)";
			};
			name = Release;
		};
/* End XCBuildConfiguration section */

/* Begin XCConfigurationList section */
		6A147C0D13E9FF90000750C2 /* Build configuration list for PBXProject "ILBitlySample" */ = {
			isa = XCConfigurationList;
			buildConfigurations = (
				6A147C4F13E9FF91000750C2 /* Debug */,
				6A147C5013E9FF91000750C2 /* Release */,
			);
			defaultConfigurationIsVisible = 0;
			defaultConfigurationName = Release;
		};
		6A147C5113E9FF91000750C2 /* Build configuration list for PBXNativeTarget "ILBitlySample" */ = {
			isa = XCConfigurationList;
			buildConfigurations = (
				6A147C5213E9FF91000750C2 /* Debug */,
				6A147C5313E9FF91000750C2 /* Release */,
			);
			defaultConfigurationIsVisible = 0;
			defaultConfigurationName = Release;
		};
		6AB6F63E141946C80044C906 /* Build configuration list for PBXNativeTarget "UnitTest" */ = {
			isa = XCConfigurationList;
			buildConfigurations = (
				6AB6F63F141946C80044C906 /* Debug */,
				6AB6F640141946C80044C906 /* Release */,
			);
			defaultConfigurationIsVisible = 0;
			defaultConfigurationName = Release;
		};
		6AC514D813ED73A90059E6E6 /* Build configuration list for PBXAggregateTarget "Documentation" */ = {
			isa = XCConfigurationList;
			buildConfigurations = (
				6AC514D913ED73A90059E6E6 /* Debug */,
				6AC514DA13ED73A90059E6E6 /* Release */,
			);
			defaultConfigurationIsVisible = 0;
			defaultConfigurationName = Release;
		};
/* End XCConfigurationList section */
	};
	rootObject = 6A147C0A13E9FF90000750C2 /* Project object */;
}
